# THIS IS AN AUTOGENERATED FILE. DO NOT EDIT THIS FILE DIRECTLY.
# yarn lockfile v1


ascli@latest:
  version "1.0.1"
  resolved "https://registry.yarnpkg.com/ascli/-/ascli-1.0.1.tgz#bcfa5974a62f18e81cabaeb49732ab4a88f906bc"
  dependencies:
    colour "~0.7.1"
    optjs "~3.2.2"

axios@^0.18.0:
  version "0.18.0"
  resolved "https://registry.yarnpkg.com/axios/-/axios-0.18.0.tgz#32d53e4851efdc0a11993b6cd000789d70c05102"
  dependencies:
    follow-redirects "^1.3.0"
    is-buffer "^1.1.5"

"bytebuffer@>=2.2 <3":
  version "2.3.2"
  resolved "https://registry.yarnpkg.com/bytebuffer/-/bytebuffer-2.3.2.tgz#41046123b56bbe8c6bec6c652244aa7169f27a44"
  dependencies:
    long "~1"

colour@~0.7.1:
  version "0.7.1"
  resolved "https://registry.yarnpkg.com/colour/-/colour-0.7.1.tgz#9cb169917ec5d12c0736d3e8685746df1cadf778"

debug@=3.1.0:
  version "3.1.0"
  resolved "https://registry.yarnpkg.com/debug/-/debug-3.1.0.tgz#5bb5a0672628b64149566ba16819e61518c67261"
  dependencies:
    ms "2.0.0"

dotenv@^6.2.0:
  version "6.2.0"
  resolved "https://registry.yarnpkg.com/dotenv/-/dotenv-6.2.0.tgz#941c0410535d942c8becf28d3f357dbd9d476064"

follow-redirects@^1.3.0:
  version "1.6.1"
  resolved "https://registry.yarnpkg.com/follow-redirects/-/follow-redirects-1.6.1.tgz#514973c44b5757368bad8bddfe52f81f015c94cb"
  dependencies:
    debug "=3.1.0"

gtfs-realtime-bindings@^0.0.4:
  version "0.0.4"
  resolved "https://registry.yarnpkg.com/gtfs-realtime-bindings/-/gtfs-realtime-bindings-0.0.4.tgz#1847ddfd8eaeb9385bb0890846af199a819e94a5"
  dependencies:
    protobufjs "2.0.5"

is-buffer@^1.1.5:
  version "1.1.6"
  resolved "https://registry.yarnpkg.com/is-buffer/-/is-buffer-1.1.6.tgz#efaa2ea9daa0d7ab2ea13a97b2b8ad51fefbe8be"

long@~1:
  version "1.2.3"
  resolved "https://registry.yarnpkg.com/long/-/long-1.2.3.tgz#117fe2e2b1c453d83e322776c8d470639faa2b7f"

ms@2.0.0:
  version "2.0.0"
  resolved "https://registry.yarnpkg.com/ms/-/ms-2.0.0.tgz#5608aeadfc00be6c2901df5f9861788de0d597c8"

optjs@~3.2.2:
  version "3.2.2"
  resolved "https://registry.yarnpkg.com/optjs/-/optjs-3.2.2.tgz#69a6ce89c442a44403141ad2f9b370bd5bb6f4ee"

protobufjs@2.0.5:
  version "2.0.5"
  resolved "https://registry.yarnpkg.com/protobufjs/-/protobufjs-2.0.5.tgz#7f351178c959b333d2327b773325ca4b2627a242"
  dependencies:
    ascli latest
    bytebuffer ">=2.2 <3"
